
Microsoft Visual Studio Solution File, Format Version 12.00
# Visual Studio 14
VisualStudioVersion = 14.0.23107.0
MinimumVisualStudioVersion = 10.0.40219.1
Project("{FAE04EC0-301F-11D3-BF4B-00C04F79EFBC}") = "CodeGallery10", "CodeGallery10\CodeGallery10\CodeGallery10.csproj", "{A1AF7575-E199-4B17-A8F7-8B5D7ED14E57}"
EndProject
Project("{2150E333-8FDC-42A3-9474-1A3956D46DE8}") = "Specs", "Specs", "{D7ABFEAE-D9AF-4A12-8E9F-98410AAB7CFD}"
	ProjectSection(SolutionItems) = preProject
		SpecDocs\UAP App Spec - Code Gallery.xlsx = SpecDocs\UAP App Spec - Code Gallery.xlsx
	EndProjectSection
EndProject
Project("{FAE04EC0-301F-11D3-BF4B-00C04F79EFBC}") = "Template10Library", "..\Template10\Template10Library\Template10Library.csproj", "{AC3E4F10-6615-4E16-BB0F-104760C92B95}"
EndProject
Project("{FAE04EC0-301F-11D3-BF4B-00C04F79EFBC}") = "WindowsFormsApplication1", "CodeGallery10\WindowsFormsApplication1\WindowsFormsApplication1.csproj", "{2075D570-CBBC-4E2C-B6D8-62CB9304F5E8}"
EndProject
Project("{2150E333-8FDC-42A3-9474-1A3956D46DE8}") = "Todos", "Todos", "{966EC22F-503E-4761-A486-8D0458BE56B8}"
	ProjectSection(SolutionItems) = preProject
		Dev Samples List.html = Dev Samples List.html
	EndProjectSection
EndProject
Project("{FAE04EC0-301F-11D3-BF4B-00C04F79EFBC}") = "Minimal", "Minimal\Minimal.csproj", "{9A82F6E0-3AC8-440C-AA37-714920D8FB85}"
EndProject
Global
	GlobalSection(SolutionConfigurationPlatforms) = preSolution
		Debug|Any CPU = Debug|Any CPU
		Debug|ARM = Debug|ARM
		Debug|x64 = Debug|x64
		Debug|x86 = Debug|x86
		Release|Any CPU = Release|Any CPU
		Release|ARM = Release|ARM
		Release|x64 = Release|x64
		Release|x86 = Release|x86
	EndGlobalSection
	GlobalSection(ProjectConfigurationPlatforms) = postSolution
		{A1AF7575-E199-4B17-A8F7-8B5D7ED14E57}.Debug|Any CPU.ActiveCfg = Debug|x86
		{A1AF7575-E199-4B17-A8F7-8B5D7ED14E57}.Debug|ARM.ActiveCfg = Debug|ARM
		{A1AF7575-E199-4B17-A8F7-8B5D7ED14E57}.Debug|ARM.Build.0 = Debug|ARM
		{A1AF7575-E199-4B17-A8F7-8B5D7ED14E57}.Debug|ARM.Deploy.0 = Debug|ARM
		{A1AF7575-E199-4B17-A8F7-8B5D7ED14E57}.Debug|x64.ActiveCfg = Debug|x64
		{A1AF7575-E199-4B17-A8F7-8B5D7ED14E57}.Debug|x64.Build.0 = Debug|x64
		{A1AF7575-E199-4B17-A8F7-8B5D7ED14E57}.Debug|x64.Deploy.0 = Debug|x64
		{A1AF7575-E199-4B17-A8F7-8B5D7ED14E57}.Debug|x86.ActiveCfg = Debug|x86
		{A1AF7575-E199-4B17-A8F7-8B5D7ED14E57}.Debug|x86.Build.0 = Debug|x86
		{A1AF7575-E199-4B17-A8F7-8B5D7ED14E57}.Debug|x86.Deploy.0 = Debug|x86
		{A1AF7575-E199-4B17-A8F7-8B5D7ED14E57}.Release|Any CPU.ActiveCfg = Release|x86
		{A1AF7575-E199-4B17-A8F7-8B5D7ED14E57}.Release|ARM.ActiveCfg = Release|ARM
		{A1AF7575-E199-4B17-A8F7-8B5D7ED14E57}.Release|ARM.Build.0 = Release|ARM
		{A1AF7575-E199-4B17-A8F7-8B5D7ED14E57}.Release|ARM.Deploy.0 = Release|ARM
		{A1AF7575-E199-4B17-A8F7-8B5D7ED14E57}.Release|x64.ActiveCfg = Release|x64
		{A1AF7575-E199-4B17-A8F7-8B5D7ED14E57}.Release|x64.Build.0 = Release|x64
		{A1AF7575-E199-4B17-A8F7-8B5D7ED14E57}.Release|x64.Deploy.0 = Release|x64
		{A1AF7575-E199-4B17-A8F7-8B5D7ED14E57}.Release|x86.ActiveCfg = Release|x86
		{A1AF7575-E199-4B17-A8F7-8B5D7ED14E57}.Release|x86.Build.0 = Release|x86
		{A1AF7575-E199-4B17-A8F7-8B5D7ED14E57}.Release|x86.Deploy.0 = Release|x86
		{AC3E4F10-6615-4E16-BB0F-104760C92B95}.Debug|Any CPU.ActiveCfg = Debug|Any CPU
		{AC3E4F10-6615-4E16-BB0F-104760C92B95}.Debug|Any CPU.Build.0 = Debug|Any CPU
		{AC3E4F10-6615-4E16-BB0F-104760C92B95}.Debug|ARM.ActiveCfg = Debug|ARM
		{AC3E4F10-6615-4E16-BB0F-104760C92B95}.Debug|ARM.Build.0 = Debug|ARM
		{AC3E4F10-6615-4E16-BB0F-104760C92B95}.Debug|x64.ActiveCfg = Debug|x64
		{AC3E4F10-6615-4E16-BB0F-104760C92B95}.Debug|x64.Build.0 = Debug|x64
		{AC3E4F10-6615-4E16-BB0F-104760C92B95}.Debug|x86.ActiveCfg = Debug|x86
		{AC3E4F10-6615-4E16-BB0F-104760C92B95}.Debug|x86.Build.0 = Debug|x86
		{AC3E4F10-6615-4E16-BB0F-104760C92B95}.Release|Any CPU.ActiveCfg = Release|Any CPU
		{AC3E4F10-6615-4E16-BB0F-104760C92B95}.Release|Any CPU.Build.0 = Release|Any CPU
		{AC3E4F10-6615-4E16-BB0F-104760C92B95}.Release|ARM.ActiveCfg = Release|ARM
		{AC3E4F10-6615-4E16-BB0F-104760C92B95}.Release|ARM.Build.0 = Release|ARM
		{AC3E4F10-6615-4E16-BB0F-104760C92B95}.Release|x64.ActiveCfg = Release|x64
		{AC3E4F10-6615-4E16-BB0F-104760C92B95}.Release|x64.Build.0 = Release|x64
		{AC3E4F10-6615-4E16-BB0F-104760C92B95}.Release|x86.ActiveCfg = Release|x86
		{AC3E4F10-6615-4E16-BB0F-104760C92B95}.Release|x86.Build.0 = Release|x86
		{2075D570-CBBC-4E2C-B6D8-62CB9304F5E8}.Debug|Any CPU.ActiveCfg = Debug|Any CPU
		{2075D570-CBBC-4E2C-B6D8-62CB9304F5E8}.Debug|Any CPU.Build.0 = Debug|Any CPU
		{2075D570-CBBC-4E2C-B6D8-62CB9304F5E8}.Debug|ARM.ActiveCfg = Debug|Any CPU
		{2075D570-CBBC-4E2C-B6D8-62CB9304F5E8}.Debug|ARM.Build.0 = Debug|Any CPU
		{2075D570-CBBC-4E2C-B6D8-62CB9304F5E8}.Debug|x64.ActiveCfg = Debug|Any CPU
		{2075D570-CBBC-4E2C-B6D8-62CB9304F5E8}.Debug|x64.Build.0 = Debug|Any CPU
		{2075D570-CBBC-4E2C-B6D8-62CB9304F5E8}.Debug|x86.ActiveCfg = Debug|Any CPU
		{2075D570-CBBC-4E2C-B6D8-62CB9304F5E8}.Debug|x86.Build.0 = Debug|Any CPU
		{2075D570-CBBC-4E2C-B6D8-62CB9304F5E8}.Release|Any CPU.ActiveCfg = Release|Any CPU
		{2075D570-CBBC-4E2C-B6D8-62CB9304F5E8}.Release|Any CPU.Build.0 = Release|Any CPU
		{2075D570-CBBC-4E2C-B6D8-62CB9304F5E8}.Release|ARM.ActiveCfg = Release|Any CPU
		{2075D570-CBBC-4E2C-B6D8-62CB9304F5E8}.Release|ARM.Build.0 = Release|Any CPU
		{2075D570-CBBC-4E2C-B6D8-62CB9304F5E8}.Release|x64.ActiveCfg = Release|Any CPU
		{2075D570-CBBC-4E2C-B6D8-62CB9304F5E8}.Release|x64.Build.0 = Release|Any CPU
		{2075D570-CBBC-4E2C-B6D8-62CB9304F5E8}.Release|x86.ActiveCfg = Release|Any CPU
		{2075D570-CBBC-4E2C-B6D8-62CB9304F5E8}.Release|x86.Build.0 = Release|Any CPU
		{9A82F6E0-3AC8-440C-AA37-714920D8FB85}.Debug|Any CPU.ActiveCfg = Debug|x86
		{9A82F6E0-3AC8-440C-AA37-714920D8FB85}.Debug|ARM.ActiveCfg = Debug|ARM
		{9A82F6E0-3AC8-440C-AA37-714920D8FB85}.Debug|ARM.Build.0 = Debug|ARM
		{9A82F6E0-3AC8-440C-AA37-714920D8FB85}.Debug|ARM.Deploy.0 = Debug|ARM
		{9A82F6E0-3AC8-440C-AA37-714920D8FB85}.Debug|x64.ActiveCfg = Debug|x64
		{9A82F6E0-3AC8-440C-AA37-714920D8FB85}.Debug|x64.Build.0 = Debug|x64
		{9A82F6E0-3AC8-440C-AA37-714920D8FB85}.Debug|x64.Deploy.0 = Debug|x64
		{9A82F6E0-3AC8-440C-AA37-714920D8FB85}.Debug|x86.ActiveCfg = Debug|x86
		{9A82F6E0-3AC8-440C-AA37-714920D8FB85}.Debug|x86.Build.0 = Debug|x86
		{9A82F6E0-3AC8-440C-AA37-714920D8FB85}.Debug|x86.Deploy.0 = Debug|x86
		{9A82F6E0-3AC8-440C-AA37-714920D8FB85}.Release|Any CPU.ActiveCfg = Release|x86
		{9A82F6E0-3AC8-440C-AA37-714920D8FB85}.Release|ARM.ActiveCfg = Release|ARM
		{9A82F6E0-3AC8-440C-AA37-714920D8FB85}.Release|ARM.Build.0 = Release|ARM
		{9A82F6E0-3AC8-440C-AA37-714920D8FB85}.Release|ARM.Deploy.0 = Release|ARM
		{9A82F6E0-3AC8-440C-AA37-714920D8FB85}.Release|x64.ActiveCfg = Release|x64
		{9A82F6E0-3AC8-440C-AA37-714920D8FB85}.Release|x64.Build.0 = Release|x64
		{9A82F6E0-3AC8-440C-AA37-714920D8FB85}.Release|x64.Deploy.0 = Release|x64
		{9A82F6E0-3AC8-440C-AA37-714920D8FB85}.Release|x86.ActiveCfg = Release|x86
		{9A82F6E0-3AC8-440C-AA37-714920D8FB85}.Release|x86.Build.0 = Release|x86
		{9A82F6E0-3AC8-440C-AA37-714920D8FB85}.Release|x86.Deploy.0 = Release|x86
	EndGlobalSection
	GlobalSection(SolutionProperties) = preSolution
		HideSolutionNode = FALSE
	EndGlobalSection
EndGlobal
