
Microsoft Visual Studio Solution File, Format Version 12.00
# Visual Studio 14
VisualStudioVersion = 14.0.22823.1
MinimumVisualStudioVersion = 10.0.40219.1
Project("{FAE04EC0-301F-11D3-BF4B-00C04F79EFBC}") = "HelloWorld1", "HelloWorld1\HelloWorld1.csproj", "{A7C753E7-176B-4841-A7DE-41E6767934D2}"
EndProject
Project("{2150E333-8FDC-42A3-9474-1A3956D46DE8}") = "Todos", "Todos", "{DE5476B6-BE28-4378-9F3D-E87B7B3A2439}"
	ProjectSection(SolutionItems) = preProject
		Dev Samples List.html = Dev Samples List.html
	EndProjectSection
EndProject
Project("{FAE04EC0-301F-11D3-BF4B-00C04F79EFBC}") = "HamburgerT10HelloWorld1", "HamburgerT10HelloWorld1\HamburgerT10HelloWorld1.csproj", "{FACB7613-F7BF-41B2-B3B2-911B97A20EC0}"
EndProject
Project("{FAE04EC0-301F-11D3-BF4B-00C04F79EFBC}") = "BlueYonderDemo", "BlueYonderDemo\BlueYonderDemo.csproj", "{C8CCAEE4-CE0E-4249-A90C-2F029A09A05E}"
EndProject
Project("{FAE04EC0-301F-11D3-BF4B-00C04F79EFBC}") = "WipHello", "WipHello\WipHello.csproj", "{CB0AC530-251F-4B1F-8AA7-BCC594A2005C}"
EndProject
Global
	GlobalSection(SolutionConfigurationPlatforms) = preSolution
		Debug|ARM = Debug|ARM
		Debug|x64 = Debug|x64
		Debug|x86 = Debug|x86
		Release|ARM = Release|ARM
		Release|x64 = Release|x64
		Release|x86 = Release|x86
	EndGlobalSection
	GlobalSection(ProjectConfigurationPlatforms) = postSolution
		{A7C753E7-176B-4841-A7DE-41E6767934D2}.Debug|ARM.ActiveCfg = Debug|ARM
		{A7C753E7-176B-4841-A7DE-41E6767934D2}.Debug|ARM.Build.0 = Debug|ARM
		{A7C753E7-176B-4841-A7DE-41E6767934D2}.Debug|ARM.Deploy.0 = Debug|ARM
		{A7C753E7-176B-4841-A7DE-41E6767934D2}.Debug|x64.ActiveCfg = Debug|x64
		{A7C753E7-176B-4841-A7DE-41E6767934D2}.Debug|x64.Build.0 = Debug|x64
		{A7C753E7-176B-4841-A7DE-41E6767934D2}.Debug|x64.Deploy.0 = Debug|x64
		{A7C753E7-176B-4841-A7DE-41E6767934D2}.Debug|x86.ActiveCfg = Debug|x86
		{A7C753E7-176B-4841-A7DE-41E6767934D2}.Debug|x86.Build.0 = Debug|x86
		{A7C753E7-176B-4841-A7DE-41E6767934D2}.Debug|x86.Deploy.0 = Debug|x86
		{A7C753E7-176B-4841-A7DE-41E6767934D2}.Release|ARM.ActiveCfg = Release|ARM
		{A7C753E7-176B-4841-A7DE-41E6767934D2}.Release|ARM.Build.0 = Release|ARM
		{A7C753E7-176B-4841-A7DE-41E6767934D2}.Release|ARM.Deploy.0 = Release|ARM
		{A7C753E7-176B-4841-A7DE-41E6767934D2}.Release|x64.ActiveCfg = Release|x64
		{A7C753E7-176B-4841-A7DE-41E6767934D2}.Release|x64.Build.0 = Release|x64
		{A7C753E7-176B-4841-A7DE-41E6767934D2}.Release|x64.Deploy.0 = Release|x64
		{A7C753E7-176B-4841-A7DE-41E6767934D2}.Release|x86.ActiveCfg = Release|x86
		{A7C753E7-176B-4841-A7DE-41E6767934D2}.Release|x86.Build.0 = Release|x86
		{A7C753E7-176B-4841-A7DE-41E6767934D2}.Release|x86.Deploy.0 = Release|x86
		{FACB7613-F7BF-41B2-B3B2-911B97A20EC0}.Debug|ARM.ActiveCfg = Debug|ARM
		{FACB7613-F7BF-41B2-B3B2-911B97A20EC0}.Debug|ARM.Build.0 = Debug|ARM
		{FACB7613-F7BF-41B2-B3B2-911B97A20EC0}.Debug|ARM.Deploy.0 = Debug|ARM
		{FACB7613-F7BF-41B2-B3B2-911B97A20EC0}.Debug|x64.ActiveCfg = Debug|x64
		{FACB7613-F7BF-41B2-B3B2-911B97A20EC0}.Debug|x64.Build.0 = Debug|x64
		{FACB7613-F7BF-41B2-B3B2-911B97A20EC0}.Debug|x64.Deploy.0 = Debug|x64
		{FACB7613-F7BF-41B2-B3B2-911B97A20EC0}.Debug|x86.ActiveCfg = Debug|x86
		{FACB7613-F7BF-41B2-B3B2-911B97A20EC0}.Debug|x86.Build.0 = Debug|x86
		{FACB7613-F7BF-41B2-B3B2-911B97A20EC0}.Debug|x86.Deploy.0 = Debug|x86
		{FACB7613-F7BF-41B2-B3B2-911B97A20EC0}.Release|ARM.ActiveCfg = Release|ARM
		{FACB7613-F7BF-41B2-B3B2-911B97A20EC0}.Release|ARM.Build.0 = Release|ARM
		{FACB7613-F7BF-41B2-B3B2-911B97A20EC0}.Release|ARM.Deploy.0 = Release|ARM
		{FACB7613-F7BF-41B2-B3B2-911B97A20EC0}.Release|x64.ActiveCfg = Release|x64
		{FACB7613-F7BF-41B2-B3B2-911B97A20EC0}.Release|x64.Build.0 = Release|x64
		{FACB7613-F7BF-41B2-B3B2-911B97A20EC0}.Release|x64.Deploy.0 = Release|x64
		{FACB7613-F7BF-41B2-B3B2-911B97A20EC0}.Release|x86.ActiveCfg = Release|x86
		{FACB7613-F7BF-41B2-B3B2-911B97A20EC0}.Release|x86.Build.0 = Release|x86
		{FACB7613-F7BF-41B2-B3B2-911B97A20EC0}.Release|x86.Deploy.0 = Release|x86
		{C8CCAEE4-CE0E-4249-A90C-2F029A09A05E}.Debug|ARM.ActiveCfg = Debug|ARM
		{C8CCAEE4-CE0E-4249-A90C-2F029A09A05E}.Debug|ARM.Build.0 = Debug|ARM
		{C8CCAEE4-CE0E-4249-A90C-2F029A09A05E}.Debug|ARM.Deploy.0 = Debug|ARM
		{C8CCAEE4-CE0E-4249-A90C-2F029A09A05E}.Debug|x64.ActiveCfg = Debug|x64
		{C8CCAEE4-CE0E-4249-A90C-2F029A09A05E}.Debug|x64.Build.0 = Debug|x64
		{C8CCAEE4-CE0E-4249-A90C-2F029A09A05E}.Debug|x64.Deploy.0 = Debug|x64
		{C8CCAEE4-CE0E-4249-A90C-2F029A09A05E}.Debug|x86.ActiveCfg = Debug|x86
		{C8CCAEE4-CE0E-4249-A90C-2F029A09A05E}.Debug|x86.Build.0 = Debug|x86
		{C8CCAEE4-CE0E-4249-A90C-2F029A09A05E}.Debug|x86.Deploy.0 = Debug|x86
		{C8CCAEE4-CE0E-4249-A90C-2F029A09A05E}.Release|ARM.ActiveCfg = Release|ARM
		{C8CCAEE4-CE0E-4249-A90C-2F029A09A05E}.Release|ARM.Build.0 = Release|ARM
		{C8CCAEE4-CE0E-4249-A90C-2F029A09A05E}.Release|ARM.Deploy.0 = Release|ARM
		{C8CCAEE4-CE0E-4249-A90C-2F029A09A05E}.Release|x64.ActiveCfg = Release|x64
		{C8CCAEE4-CE0E-4249-A90C-2F029A09A05E}.Release|x64.Build.0 = Release|x64
		{C8CCAEE4-CE0E-4249-A90C-2F029A09A05E}.Release|x64.Deploy.0 = Release|x64
		{C8CCAEE4-CE0E-4249-A90C-2F029A09A05E}.Release|x86.ActiveCfg = Release|x86
		{C8CCAEE4-CE0E-4249-A90C-2F029A09A05E}.Release|x86.Build.0 = Release|x86
		{C8CCAEE4-CE0E-4249-A90C-2F029A09A05E}.Release|x86.Deploy.0 = Release|x86
		{CB0AC530-251F-4B1F-8AA7-BCC594A2005C}.Debug|ARM.ActiveCfg = Debug|ARM
		{CB0AC530-251F-4B1F-8AA7-BCC594A2005C}.Debug|ARM.Build.0 = Debug|ARM
		{CB0AC530-251F-4B1F-8AA7-BCC594A2005C}.Debug|ARM.Deploy.0 = Debug|ARM
		{CB0AC530-251F-4B1F-8AA7-BCC594A2005C}.Debug|x64.ActiveCfg = Debug|x64
		{CB0AC530-251F-4B1F-8AA7-BCC594A2005C}.Debug|x64.Build.0 = Debug|x64
		{CB0AC530-251F-4B1F-8AA7-BCC594A2005C}.Debug|x64.Deploy.0 = Debug|x64
		{CB0AC530-251F-4B1F-8AA7-BCC594A2005C}.Debug|x86.ActiveCfg = Debug|x86
		{CB0AC530-251F-4B1F-8AA7-BCC594A2005C}.Debug|x86.Build.0 = Debug|x86
		{CB0AC530-251F-4B1F-8AA7-BCC594A2005C}.Debug|x86.Deploy.0 = Debug|x86
		{CB0AC530-251F-4B1F-8AA7-BCC594A2005C}.Release|ARM.ActiveCfg = Release|ARM
		{CB0AC530-251F-4B1F-8AA7-BCC594A2005C}.Release|ARM.Build.0 = Release|ARM
		{CB0AC530-251F-4B1F-8AA7-BCC594A2005C}.Release|ARM.Deploy.0 = Release|ARM
		{CB0AC530-251F-4B1F-8AA7-BCC594A2005C}.Release|x64.ActiveCfg = Release|x64
		{CB0AC530-251F-4B1F-8AA7-BCC594A2005C}.Release|x64.Build.0 = Release|x64
		{CB0AC530-251F-4B1F-8AA7-BCC594A2005C}.Release|x64.Deploy.0 = Release|x64
		{CB0AC530-251F-4B1F-8AA7-BCC594A2005C}.Release|x86.ActiveCfg = Release|x86
		{CB0AC530-251F-4B1F-8AA7-BCC594A2005C}.Release|x86.Build.0 = Release|x86
		{CB0AC530-251F-4B1F-8AA7-BCC594A2005C}.Release|x86.Deploy.0 = Release|x86
	EndGlobalSection
	GlobalSection(SolutionProperties) = preSolution
		HideSolutionNode = FALSE
	EndGlobalSection
EndGlobal
